
Microsoft Visual Studio Solution File, Format Version 12.00
# Visual Studio Version 17
VisualStudioVersion = 17.2.32526.322
MinimumVisualStudioVersion = 10.0.40219.1
Project("{FAE04EC0-301F-11D3-BF4B-00C04F79EFBC}") = "LinGuGu10", "LinGuGu10.csproj", "{92541132-C765-4F2E-828E-0BC48935ABB5}"
EndProject
Global
	GlobalSection(SolutionConfigurationPlatforms) = preSolution
		Debug|Any CPU = Debug|Any CPU
		Release|Any CPU = Release|Any CPU
	EndGlobalSection
	GlobalSection(ProjectConfigurationPlatforms) = postSolution
		{92541132-C765-4F2E-828E-0BC48935ABB5}.Debug|Any CPU.ActiveCfg = Debug|Any CPU
		{92541132-C765-4F2E-828E-0BC48935ABB5}.Debug|Any CPU.Build.0 = Debug|Any CPU
		{92541132-C765-4F2E-828E-0BC48935ABB5}.Release|Any CPU.ActiveCfg = Release|Any CPU
		{92541132-C765-4F2E-828E-0BC48935ABB5}.Release|Any CPU.Build.0 = Release|Any CPU
	EndGlobalSection
	GlobalSection(SolutionProperties) = preSolution
		HideSolutionNode = FALSE
	EndGlobalSection
	GlobalSection(ExtensibilityGlobals) = postSolution
		SolutionGuid = {0E7619BE-8D7F-4686-9207-8E205D8686B7}
	EndGlobalSection
EndGlobal
